
Microsoft Visual Studio Solution File, Format Version 12.00
# Visual Studio 14
VisualStudioVersion = 14.0.24720.0
MinimumVisualStudioVersion = 10.0.40219.1
Project("{2150E333-8FDC-42A3-9474-1A3956D46DE8}") = "Solution Items", "Solution Items", "{50928C95-8920-409B-BCC9-67061B6E2BE7}"
	ProjectSection(SolutionItems) = preProject
		.gitattributes = .gitattributes
		.gitignore = .gitignore
		CREDITS.md = CREDITS.md
		LICENSE.md = LICENSE.md
		README.md = README.md
	EndProjectSection
EndProject
Project("{FAE04EC0-301F-11D3-BF4B-00C04F79EFBC}") = "Dessert.Portable", "Dessert\Dessert.Portable.csproj", "{7A2FE0C9-1C2E-458B-9482-0C50213EDA27}"
EndProject
Project("{FAE04EC0-301F-11D3-BF4B-00C04F79EFBC}") = "Dessert.UnitTests", "Dessert.Tests\Dessert.UnitTests.csproj", "{1BF035D6-A793-4B21-A10C-E4065CBA2063}"
EndProject
Project("{FAE04EC0-301F-11D3-BF4B-00C04F79EFBC}") = "Dessert.Examples.CSharp", "Dessert.Examples.CSharp\Dessert.Examples.CSharp.csproj", "{9C4F34A7-5F5A-445A-8434-2DDF038947A8}"
EndProject
Project("{F2A71F9B-5D33-465A-A702-920D77279786}") = "Dessert.Examples.FSharp", "Dessert.Examples.FSharp\Dessert.Examples.FSharp.fsproj", "{18B35014-1191-4513-9F8F-AEC139DD8BC1}"
EndProject
Project("{FAE04EC0-301F-11D3-BF4B-00C04F79EFBC}") = "Dessert.Examples", "Dessert.Examples\Dessert.Examples.csproj", "{C8299569-BA47-4236-8B95-B4109585CB2C}"
EndProject
Project("{F184B08F-C81C-45F6-A57F-5ABD9991F28F}") = "Dessert.Examples.VisualBasic", "Dessert.Examples.VisualBasic\Dessert.Examples.VisualBasic.vbproj", "{3E652595-39A8-4EAE-A303-C8F51F61F2A2}"
EndProject
Project("{F2A71F9B-5D33-465A-A702-920D77279786}") = "Dessert.Benchmarks", "Dessert.Benchmarks\Dessert.Benchmarks.fsproj", "{F5242F2F-FEE1-4AB3-BFA5-3515EE8FDCE8}"
EndProject
Project("{2150E333-8FDC-42A3-9474-1A3956D46DE8}") = "Platform Specific", "Platform Specific", "{EDC0E2A0-1C1A-4E26-897B-3361163D8CD5}"
EndProject
Project("{2150E333-8FDC-42A3-9474-1A3956D46DE8}") = "Project Logo", "Project Logo", "{E2124113-091F-4972-8755-1FAE2CC423A7}"
	ProjectSection(SolutionItems) = preProject
		Project Logo\CreateIcon.sh = Project Logo\CreateIcon.sh
		Project Logo\Dessert.ico = Project Logo\Dessert.ico
		Project Logo\logo-128.png = Project Logo\logo-128.png
		Project Logo\logo-16.png = Project Logo\logo-16.png
		Project Logo\logo-256.png = Project Logo\logo-256.png
		Project Logo\logo-32.png = Project Logo\logo-32.png
		Project Logo\logo-64.png = Project Logo\logo-64.png
		Project Logo\logo-original.svg = Project Logo\logo-original.svg
	EndProjectSection
EndProject
Project("{D954291E-2A0B-460D-934E-DC6B0785DB48}") = "Dessert", "Dessert.Shared\Dessert.shproj", "{EDDBA306-E61A-4AB7-A8DA-4293D04BE43F}"
EndProject
Project("{FAE04EC0-301F-11D3-BF4B-00C04F79EFBC}") = "Dessert.NuGet", "Dessert.NuGet\Dessert.NuGet.csproj", "{64DCD156-79BD-40D7-8BAE-F7A0F389ED61}"
	ProjectSection(ProjectDependencies) = postProject
		{2D7F5999-8648-4F4D-B967-F1358449D4AB} = {2D7F5999-8648-4F4D-B967-F1358449D4AB}
	EndProjectSection
EndProject
Project("{FAE04EC0-301F-11D3-BF4B-00C04F79EFBC}") = "Dessert.NET40", "Platform Specific\Dessert.NET40\Dessert.NET40.csproj", "{2D7F5999-8648-4F4D-B967-F1358449D4AB}"
EndProject
Global
	GlobalSection(SharedMSBuildProjectFiles) = preSolution
		Dessert.Shared\Dessert.Shared.projitems*{eddba306-e61a-4ab7-a8da-4293d04be43f}*SharedItemsImports = 13
		Dessert.Shared\Dessert.Shared.projitems*{2d7f5999-8648-4f4d-b967-f1358449d4ab}*SharedItemsImports = 4
		Dessert.Shared\Dessert.Shared.projitems*{7a2fe0c9-1c2e-458b-9482-0c50213eda27}*SharedItemsImports = 4
	EndGlobalSection
	GlobalSection(SolutionConfigurationPlatforms) = preSolution
		Debug|Any CPU = Debug|Any CPU
		Debug|Mixed Platforms = Debug|Mixed Platforms
		Debug|x86 = Debug|x86
		Release|Any CPU = Release|Any CPU
		Release|Mixed Platforms = Release|Mixed Platforms
		Release|x86 = Release|x86
	EndGlobalSection
	GlobalSection(ProjectConfigurationPlatforms) = postSolution
		{7A2FE0C9-1C2E-458B-9482-0C50213EDA27}.Debug|Any CPU.ActiveCfg = Debug|Any CPU
		{7A2FE0C9-1C2E-458B-9482-0C50213EDA27}.Debug|Any CPU.Build.0 = Debug|Any CPU
		{7A2FE0C9-1C2E-458B-9482-0C50213EDA27}.Debug|Mixed Platforms.ActiveCfg = Debug|Any CPU
		{7A2FE0C9-1C2E-458B-9482-0C50213EDA27}.Debug|Mixed Platforms.Build.0 = Debug|Any CPU
		{7A2FE0C9-1C2E-458B-9482-0C50213EDA27}.Debug|x86.ActiveCfg = Debug|Any CPU
		{7A2FE0C9-1C2E-458B-9482-0C50213EDA27}.Release|Any CPU.ActiveCfg = Release|Any CPU
		{7A2FE0C9-1C2E-458B-9482-0C50213EDA27}.Release|Any CPU.Build.0 = Release|Any CPU
		{7A2FE0C9-1C2E-458B-9482-0C50213EDA27}.Release|Mixed Platforms.ActiveCfg = Release|Any CPU
		{7A2FE0C9-1C2E-458B-9482-0C50213EDA27}.Release|Mixed Platforms.Build.0 = Release|Any CPU
		{7A2FE0C9-1C2E-458B-9482-0C50213EDA27}.Release|x86.ActiveCfg = Release|Any CPU
		{1BF035D6-A793-4B21-A10C-E4065CBA2063}.Debug|Any CPU.ActiveCfg = Debug|Any CPU
		{1BF035D6-A793-4B21-A10C-E4065CBA2063}.Debug|Any CPU.Build.0 = Debug|Any CPU
		{1BF035D6-A793-4B21-A10C-E4065CBA2063}.Debug|Mixed Platforms.ActiveCfg = Debug|Any CPU
		{1BF035D6-A793-4B21-A10C-E4065CBA2063}.Debug|Mixed Platforms.Build.0 = Debug|Any CPU
		{1BF035D6-A793-4B21-A10C-E4065CBA2063}.Debug|x86.ActiveCfg = Debug|Any CPU
		{1BF035D6-A793-4B21-A10C-E4065CBA2063}.Release|Any CPU.ActiveCfg = Release|Any CPU
		{1BF035D6-A793-4B21-A10C-E4065CBA2063}.Release|Any CPU.Build.0 = Release|Any CPU
		{1BF035D6-A793-4B21-A10C-E4065CBA2063}.Release|Mixed Platforms.ActiveCfg = Release|Any CPU
		{1BF035D6-A793-4B21-A10C-E4065CBA2063}.Release|Mixed Platforms.Build.0 = Release|Any CPU
		{1BF035D6-A793-4B21-A10C-E4065CBA2063}.Release|x86.ActiveCfg = Release|Any CPU
		{9C4F34A7-5F5A-445A-8434-2DDF038947A8}.Debug|Any CPU.ActiveCfg = Debug|Any CPU
		{9C4F34A7-5F5A-445A-8434-2DDF038947A8}.Debug|Any CPU.Build.0 = Debug|Any CPU
		{9C4F34A7-5F5A-445A-8434-2DDF038947A8}.Debug|Mixed Platforms.ActiveCfg = Debug|Any CPU
		{9C4F34A7-5F5A-445A-8434-2DDF038947A8}.Debug|Mixed Platforms.Build.0 = Debug|Any CPU
		{9C4F34A7-5F5A-445A-8434-2DDF038947A8}.Debug|x86.ActiveCfg = Debug|Any CPU
		{9C4F34A7-5F5A-445A-8434-2DDF038947A8}.Release|Any CPU.ActiveCfg = Release|Any CPU
		{9C4F34A7-5F5A-445A-8434-2DDF038947A8}.Release|Any CPU.Build.0 = Release|Any CPU
		{9C4F34A7-5F5A-445A-8434-2DDF038947A8}.Release|Mixed Platforms.ActiveCfg = Release|Any CPU
		{9C4F34A7-5F5A-445A-8434-2DDF038947A8}.Release|Mixed Platforms.Build.0 = Release|Any CPU
		{9C4F34A7-5F5A-445A-8434-2DDF038947A8}.Release|x86.ActiveCfg = Release|Any CPU
		{18B35014-1191-4513-9F8F-AEC139DD8BC1}.Debug|Any CPU.ActiveCfg = Debug|Any CPU
		{18B35014-1191-4513-9F8F-AEC139DD8BC1}.Debug|Any CPU.Build.0 = Debug|Any CPU
		{18B35014-1191-4513-9F8F-AEC139DD8BC1}.Debug|Mixed Platforms.ActiveCfg = Debug|Any CPU
		{18B35014-1191-4513-9F8F-AEC139DD8BC1}.Debug|Mixed Platforms.Build.0 = Debug|Any CPU
		{18B35014-1191-4513-9F8F-AEC139DD8BC1}.Debug|x86.ActiveCfg = Debug|Any CPU
		{18B35014-1191-4513-9F8F-AEC139DD8BC1}.Release|Any CPU.ActiveCfg = Release|Any CPU
		{18B35014-1191-4513-9F8F-AEC139DD8BC1}.Release|Any CPU.Build.0 = Release|Any CPU
		{18B35014-1191-4513-9F8F-AEC139DD8BC1}.Release|Mixed Platforms.ActiveCfg = Release|Any CPU
		{18B35014-1191-4513-9F8F-AEC139DD8BC1}.Release|Mixed Platforms.Build.0 = Release|Any CPU
		{18B35014-1191-4513-9F8F-AEC139DD8BC1}.Release|x86.ActiveCfg = Release|Any CPU
		{C8299569-BA47-4236-8B95-B4109585CB2C}.Debug|Any CPU.ActiveCfg = Debug|Any CPU
		{C8299569-BA47-4236-8B95-B4109585CB2C}.Debug|Any CPU.Build.0 = Debug|Any CPU
		{C8299569-BA47-4236-8B95-B4109585CB2C}.Debug|Mixed Platforms.ActiveCfg = Debug|Any CPU
		{C8299569-BA47-4236-8B95-B4109585CB2C}.Debug|Mixed Platforms.Build.0 = Debug|Any CPU
		{C8299569-BA47-4236-8B95-B4109585CB2C}.Debug|x86.ActiveCfg = Debug|Any CPU
		{C8299569-BA47-4236-8B95-B4109585CB2C}.Release|Any CPU.ActiveCfg = Release|Any CPU
		{C8299569-BA47-4236-8B95-B4109585CB2C}.Release|Any CPU.Build.0 = Release|Any CPU
		{C8299569-BA47-4236-8B95-B4109585CB2C}.Release|Mixed Platforms.ActiveCfg = Release|Any CPU
		{C8299569-BA47-4236-8B95-B4109585CB2C}.Release|Mixed Platforms.Build.0 = Release|Any CPU
		{C8299569-BA47-4236-8B95-B4109585CB2C}.Release|x86.ActiveCfg = Release|Any CPU
		{3E652595-39A8-4EAE-A303-C8F51F61F2A2}.Debug|Any CPU.ActiveCfg = Debug|Any CPU
		{3E652595-39A8-4EAE-A303-C8F51F61F2A2}.Debug|Any CPU.Build.0 = Debug|Any CPU
		{3E652595-39A8-4EAE-A303-C8F51F61F2A2}.Debug|Mixed Platforms.ActiveCfg = Debug|Any CPU
		{3E652595-39A8-4EAE-A303-C8F51F61F2A2}.Debug|Mixed Platforms.Build.0 = Debug|Any CPU
		{3E652595-39A8-4EAE-A303-C8F51F61F2A2}.Debug|x86.ActiveCfg = Debug|Any CPU
		{3E652595-39A8-4EAE-A303-C8F51F61F2A2}.Release|Any CPU.ActiveCfg = Release|Any CPU
		{3E652595-39A8-4EAE-A303-C8F51F61F2A2}.Release|Any CPU.Build.0 = Release|Any CPU
		{3E652595-39A8-4EAE-A303-C8F51F61F2A2}.Release|Mixed Platforms.ActiveCfg = Release|Any CPU
		{3E652595-39A8-4EAE-A303-C8F51F61F2A2}.Release|Mixed Platforms.Build.0 = Release|Any CPU
		{3E652595-39A8-4EAE-A303-C8F51F61F2A2}.Release|x86.ActiveCfg = Release|Any CPU
		{F5242F2F-FEE1-4AB3-BFA5-3515EE8FDCE8}.Debug|Any CPU.ActiveCfg = Debug|Any CPU
		{F5242F2F-FEE1-4AB3-BFA5-3515EE8FDCE8}.Debug|Any CPU.Build.0 = Debug|Any CPU
		{F5242F2F-FEE1-4AB3-BFA5-3515EE8FDCE8}.Debug|Mixed Platforms.ActiveCfg = Debug|Any CPU
		{F5242F2F-FEE1-4AB3-BFA5-3515EE8FDCE8}.Debug|Mixed Platforms.Build.0 = Debug|Any CPU
		{F5242F2F-FEE1-4AB3-BFA5-3515EE8FDCE8}.Debug|x86.ActiveCfg = Debug|Any CPU
		{F5242F2F-FEE1-4AB3-BFA5-3515EE8FDCE8}.Release|Any CPU.ActiveCfg = Release|Any CPU
		{F5242F2F-FEE1-4AB3-BFA5-3515EE8FDCE8}.Release|Any CPU.Build.0 = Release|Any CPU
		{F5242F2F-FEE1-4AB3-BFA5-3515EE8FDCE8}.Release|Mixed Platforms.ActiveCfg = Release|Any CPU
		{F5242F2F-FEE1-4AB3-BFA5-3515EE8FDCE8}.Release|Mixed Platforms.Build.0 = Release|Any CPU
		{F5242F2F-FEE1-4AB3-BFA5-3515EE8FDCE8}.Release|x86.ActiveCfg = Release|Any CPU
		{64DCD156-79BD-40D7-8BAE-F7A0F389ED61}.Debug|Any CPU.ActiveCfg = Debug|Any CPU
		{64DCD156-79BD-40D7-8BAE-F7A0F389ED61}.Debug|Any CPU.Build.0 = Debug|Any CPU
		{64DCD156-79BD-40D7-8BAE-F7A0F389ED61}.Debug|Mixed Platforms.ActiveCfg = Debug|Any CPU
		{64DCD156-79BD-40D7-8BAE-F7A0F389ED61}.Debug|x86.ActiveCfg = Debug|Any CPU
		{64DCD156-79BD-40D7-8BAE-F7A0F389ED61}.Debug|x86.Build.0 = Debug|Any CPU
		{64DCD156-79BD-40D7-8BAE-F7A0F389ED61}.Release|Any CPU.ActiveCfg = Release|Any CPU
		{64DCD156-79BD-40D7-8BAE-F7A0F389ED61}.Release|Any CPU.Build.0 = Release|Any CPU
		{64DCD156-79BD-40D7-8BAE-F7A0F389ED61}.Release|Mixed Platforms.ActiveCfg = Debug|Any CPU
		{64DCD156-79BD-40D7-8BAE-F7A0F389ED61}.Release|x86.ActiveCfg = Release|Any CPU
		{64DCD156-79BD-40D7-8BAE-F7A0F389ED61}.Release|x86.Build.0 = Release|Any CPU
		{2D7F5999-8648-4F4D-B967-F1358449D4AB}.Debug|Any CPU.ActiveCfg = Debug|Any CPU
		{2D7F5999-8648-4F4D-B967-F1358449D4AB}.Debug|Any CPU.Build.0 = Debug|Any CPU
		{2D7F5999-8648-4F4D-B967-F1358449D4AB}.Debug|Mixed Platforms.ActiveCfg = Debug|Any CPU
		{2D7F5999-8648-4F4D-B967-F1358449D4AB}.Debug|Mixed Platforms.Build.0 = Debug|Any CPU
		{2D7F5999-8648-4F4D-B967-F1358449D4AB}.Debug|x86.ActiveCfg = Debug|Any CPU
		{2D7F5999-8648-4F4D-B967-F1358449D4AB}.Debug|x86.Build.0 = Debug|Any CPU
		{2D7F5999-8648-4F4D-B967-F1358449D4AB}.Release|Any CPU.ActiveCfg = Release|Any CPU
		{2D7F5999-8648-4F4D-B967-F1358449D4AB}.Release|Any CPU.Build.0 = Release|Any CPU
		{2D7F5999-8648-4F4D-B967-F1358449D4AB}.Release|Mixed Platforms.ActiveCfg = Release|Any CPU
		{2D7F5999-8648-4F4D-B967-F1358449D4AB}.Release|Mixed Platforms.Build.0 = Release|Any CPU
		{2D7F5999-8648-4F4D-B967-F1358449D4AB}.Release|x86.ActiveCfg = Release|Any CPU
		{2D7F5999-8648-4F4D-B967-F1358449D4AB}.Release|x86.Build.0 = Release|Any CPU
	EndGlobalSection
	GlobalSection(SolutionProperties) = preSolution
		HideSolutionNode = FALSE
	EndGlobalSection
	GlobalSection(NestedProjects) = preSolution
		{7A2FE0C9-1C2E-458B-9482-0C50213EDA27} = {EDC0E2A0-1C1A-4E26-897B-3361163D8CD5}
		{2D7F5999-8648-4F4D-B967-F1358449D4AB} = {EDC0E2A0-1C1A-4E26-897B-3361163D8CD5}
	EndGlobalSection
EndGlobal
