
Microsoft Visual Studio Solution File, Format Version 11.00
# Visual Studio 2010
# SharpDevelop 4.4
Project("{A33008B1-5DAC-44D5-9060-242E3B6E38F2}") = "Dessert.Examples.Boo", "Dessert.Examples.Boo\Dessert.Examples.Boo.booproj", "{76DE187C-3B96-4A77-8914-8D22A46E36AF}"
EndProject
Project("{FAE04EC0-301F-11D3-BF4B-00C04F79EFBC}") = "Dessert", "Dessert\Dessert.csproj", "{7A2FE0C9-1C2E-458B-9482-0C50213EDA27}"
EndProject
Global
	GlobalSection(SolutionConfigurationPlatforms) = preSolution
		Debug|Any CPU = Debug|Any CPU
		Release|Any CPU = Release|Any CPU
	EndGlobalSection
	GlobalSection(ProjectConfigurationPlatforms) = postSolution
		{76DE187C-3B96-4A77-8914-8D22A46E36AF}.Debug|Any CPU.Build.0 = Debug|Any CPU
		{76DE187C-3B96-4A77-8914-8D22A46E36AF}.Debug|Any CPU.ActiveCfg = Debug|Any CPU
		{76DE187C-3B96-4A77-8914-8D22A46E36AF}.Release|Any CPU.Build.0 = Release|Any CPU
		{76DE187C-3B96-4A77-8914-8D22A46E36AF}.Release|Any CPU.ActiveCfg = Release|Any CPU
		{7A2FE0C9-1C2E-458B-9482-0C50213EDA27}.Debug|Any CPU.Build.0 = Debug|Any CPU
		{7A2FE0C9-1C2E-458B-9482-0C50213EDA27}.Debug|Any CPU.ActiveCfg = Debug|Any CPU
		{7A2FE0C9-1C2E-458B-9482-0C50213EDA27}.Release|Any CPU.Build.0 = Release|Any CPU
		{7A2FE0C9-1C2E-458B-9482-0C50213EDA27}.Release|Any CPU.ActiveCfg = Release|Any CPU
	EndGlobalSection
EndGlobal
